
Microsoft Visual Studio Solution File, Format Version 12.00
# Visual Studio 14
VisualStudioVersion = 14.0.25420.1
MinimumVisualStudioVersion = 10.0.40219.1
Project("{FAE04EC0-301F-11D3-BF4B-00C04F79EFBC}") = "LearnCSharp", "LearnCSharp\LearnCSharp.csproj", "{C95A5719-AE21-487E-AF60-01BD4B417845}"
EndProject
Project("{FAE04EC0-301F-11D3-BF4B-00C04F79EFBC}") = "Chpt1", "Chpt1\Chpt1.csproj", "{0AB39104-9732-43AF-9822-F247DE75023D}"
EndProject
Project("{FAE04EC0-301F-11D3-BF4B-00C04F79EFBC}") = "Chpt2", "Chpt2\Chpt2.csproj", "{4256114C-B1AD-4F88-A0CE-4DC40F266DAA}"
EndProject
Project("{FAE04EC0-301F-11D3-BF4B-00C04F79EFBC}") = "Chpt3", "Chpt3\Chpt3.csproj", "{E72B990E-B46A-435E-A662-8105A34B7B33}"
EndProject
Project("{FAE04EC0-301F-11D3-BF4B-00C04F79EFBC}") = "Chpt4", "Chpt4\Chpt4.csproj", "{8ED41A3D-7D1D-41F5-A827-6BA6173DA66B}"
EndProject
Project("{FAE04EC0-301F-11D3-BF4B-00C04F79EFBC}") = "Chpt5", "Chpt5\Chpt5.csproj", "{FA1EBBB6-58F6-4E49-839B-62EB469260D9}"
EndProject
Project("{FAE04EC0-301F-11D3-BF4B-00C04F79EFBC}") = "Chpt6", "Chpt6\Chpt6.csproj", "{08AAFCD1-131F-4A96-8FB5-117DFEC779F4}"
EndProject
Project("{FAE04EC0-301F-11D3-BF4B-00C04F79EFBC}") = "Chpt7", "Chpt7\Chpt7.csproj", "{C5542B61-C913-4EBE-8E4D-61C24B206BC3}"
EndProject
Project("{FAE04EC0-301F-11D3-BF4B-00C04F79EFBC}") = "Chpt8", "Chpt8\Chpt8.csproj", "{424AAC3E-9163-4CF8-B126-8A7D1885BD0D}"
EndProject
Global
	GlobalSection(SolutionConfigurationPlatforms) = preSolution
		Debug|Any CPU = Debug|Any CPU
		Release|Any CPU = Release|Any CPU
	EndGlobalSection
	GlobalSection(ProjectConfigurationPlatforms) = postSolution
		{C95A5719-AE21-487E-AF60-01BD4B417845}.Debug|Any CPU.ActiveCfg = Debug|Any CPU
		{C95A5719-AE21-487E-AF60-01BD4B417845}.Debug|Any CPU.Build.0 = Debug|Any CPU
		{C95A5719-AE21-487E-AF60-01BD4B417845}.Release|Any CPU.ActiveCfg = Release|Any CPU
		{C95A5719-AE21-487E-AF60-01BD4B417845}.Release|Any CPU.Build.0 = Release|Any CPU
		{0AB39104-9732-43AF-9822-F247DE75023D}.Debug|Any CPU.ActiveCfg = Debug|Any CPU
		{0AB39104-9732-43AF-9822-F247DE75023D}.Debug|Any CPU.Build.0 = Debug|Any CPU
		{0AB39104-9732-43AF-9822-F247DE75023D}.Release|Any CPU.ActiveCfg = Release|Any CPU
		{0AB39104-9732-43AF-9822-F247DE75023D}.Release|Any CPU.Build.0 = Release|Any CPU
		{4256114C-B1AD-4F88-A0CE-4DC40F266DAA}.Debug|Any CPU.ActiveCfg = Debug|Any CPU
		{4256114C-B1AD-4F88-A0CE-4DC40F266DAA}.Debug|Any CPU.Build.0 = Debug|Any CPU
		{4256114C-B1AD-4F88-A0CE-4DC40F266DAA}.Release|Any CPU.ActiveCfg = Release|Any CPU
		{4256114C-B1AD-4F88-A0CE-4DC40F266DAA}.Release|Any CPU.Build.0 = Release|Any CPU
		{E72B990E-B46A-435E-A662-8105A34B7B33}.Debug|Any CPU.ActiveCfg = Debug|Any CPU
		{E72B990E-B46A-435E-A662-8105A34B7B33}.Debug|Any CPU.Build.0 = Debug|Any CPU
		{E72B990E-B46A-435E-A662-8105A34B7B33}.Release|Any CPU.ActiveCfg = Release|Any CPU
		{E72B990E-B46A-435E-A662-8105A34B7B33}.Release|Any CPU.Build.0 = Release|Any CPU
		{8ED41A3D-7D1D-41F5-A827-6BA6173DA66B}.Debug|Any CPU.ActiveCfg = Debug|Any CPU
		{8ED41A3D-7D1D-41F5-A827-6BA6173DA66B}.Debug|Any CPU.Build.0 = Debug|Any CPU
		{8ED41A3D-7D1D-41F5-A827-6BA6173DA66B}.Release|Any CPU.ActiveCfg = Release|Any CPU
		{8ED41A3D-7D1D-41F5-A827-6BA6173DA66B}.Release|Any CPU.Build.0 = Release|Any CPU
		{FA1EBBB6-58F6-4E49-839B-62EB469260D9}.Debug|Any CPU.ActiveCfg = Debug|Any CPU
		{FA1EBBB6-58F6-4E49-839B-62EB469260D9}.Debug|Any CPU.Build.0 = Debug|Any CPU
		{FA1EBBB6-58F6-4E49-839B-62EB469260D9}.Release|Any CPU.ActiveCfg = Release|Any CPU
		{FA1EBBB6-58F6-4E49-839B-62EB469260D9}.Release|Any CPU.Build.0 = Release|Any CPU
		{08AAFCD1-131F-4A96-8FB5-117DFEC779F4}.Debug|Any CPU.ActiveCfg = Debug|Any CPU
		{08AAFCD1-131F-4A96-8FB5-117DFEC779F4}.Debug|Any CPU.Build.0 = Debug|Any CPU
		{08AAFCD1-131F-4A96-8FB5-117DFEC779F4}.Release|Any CPU.ActiveCfg = Release|Any CPU
		{08AAFCD1-131F-4A96-8FB5-117DFEC779F4}.Release|Any CPU.Build.0 = Release|Any CPU
		{C5542B61-C913-4EBE-8E4D-61C24B206BC3}.Debug|Any CPU.ActiveCfg = Debug|Any CPU
		{C5542B61-C913-4EBE-8E4D-61C24B206BC3}.Debug|Any CPU.Build.0 = Debug|Any CPU
		{C5542B61-C913-4EBE-8E4D-61C24B206BC3}.Release|Any CPU.ActiveCfg = Release|Any CPU
		{C5542B61-C913-4EBE-8E4D-61C24B206BC3}.Release|Any CPU.Build.0 = Release|Any CPU
		{424AAC3E-9163-4CF8-B126-8A7D1885BD0D}.Debug|Any CPU.ActiveCfg = Debug|Any CPU
		{424AAC3E-9163-4CF8-B126-8A7D1885BD0D}.Debug|Any CPU.Build.0 = Debug|Any CPU
		{424AAC3E-9163-4CF8-B126-8A7D1885BD0D}.Release|Any CPU.ActiveCfg = Release|Any CPU
		{424AAC3E-9163-4CF8-B126-8A7D1885BD0D}.Release|Any CPU.Build.0 = Release|Any CPU
	EndGlobalSection
	GlobalSection(SolutionProperties) = preSolution
		HideSolutionNode = FALSE
	EndGlobalSection
EndGlobal
